
Microsoft Visual Studio Solution File, Format Version 12.00
# Visual Studio Version 17
VisualStudioVersion = 17.10.35122.118
MinimumVisualStudioVersion = 10.0.40219.1
Project("{FAE04EC0-301F-11D3-BF4B-00C04F79EFBC}") = "JsonSerialiser", "JsonSerialiser.csproj", "{D676C215-1604-4699-989E-4280A0225A7E}"
EndProject
Global
	GlobalSection(SolutionConfigurationPlatforms) = preSolution
		Debug|Any CPU = Debug|Any CPU
		Release|Any CPU = Release|Any CPU
	EndGlobalSection
	GlobalSection(ProjectConfigurationPlatforms) = postSolution
		{D676C215-1604-4699-989E-4280A0225A7E}.Debug|Any CPU.ActiveCfg = Debug|Any CPU
		{D676C215-1604-4699-989E-4280A0225A7E}.Debug|Any CPU.Build.0 = Debug|Any CPU
		{D676C215-1604-4699-989E-4280A0225A7E}.Release|Any CPU.ActiveCfg = Release|Any CPU
		{D676C215-1604-4699-989E-4280A0225A7E}.Release|Any CPU.Build.0 = Release|Any CPU
	EndGlobalSection
	GlobalSection(SolutionProperties) = preSolution
		HideSolutionNode = FALSE
	EndGlobalSection
	GlobalSection(ExtensibilityGlobals) = postSolution
		SolutionGuid = {DEF6A88E-B5AE-4E98-BF67-448B1D7C9452}
	EndGlobalSection
EndGlobal
